
Microsoft Visual Studio Solution File, Format Version 12.00
# Visual Studio Version 17
VisualStudioVersion = 17.6.33815.320
MinimumVisualStudioVersion = 10.0.40219.1
Project("{FAE04EC0-301F-11D3-BF4B-00C04F79EFBC}") = "Counter", "Counter.csproj", "{82C73498-B392-4933-A4C8-F04578AFA867}"
EndProject
Global
	GlobalSection(SolutionConfigurationPlatforms) = preSolution
		Debug|Any CPU = Debug|Any CPU
		Release|Any CPU = Release|Any CPU
	EndGlobalSection
	GlobalSection(ProjectConfigurationPlatforms) = postSolution
		{82C73498-B392-4933-A4C8-F04578AFA867}.Debug|Any CPU.ActiveCfg = Debug|Any CPU
		{82C73498-B392-4933-A4C8-F04578AFA867}.Debug|Any CPU.Build.0 = Debug|Any CPU
		{82C73498-B392-4933-A4C8-F04578AFA867}.Release|Any CPU.ActiveCfg = Release|Any CPU
		{82C73498-B392-4933-A4C8-F04578AFA867}.Release|Any CPU.Build.0 = Release|Any CPU
	EndGlobalSection
	GlobalSection(SolutionProperties) = preSolution
		HideSolutionNode = FALSE
	EndGlobalSection
	GlobalSection(ExtensibilityGlobals) = postSolution
		SolutionGuid = {B9EFF6E9-BC7C-4CB5-AF70-752C0D2E6C37}
	EndGlobalSection
EndGlobal
