
Microsoft Visual Studio Solution File, Format Version 12.00
# Visual Studio Version 17
VisualStudioVersion = 17.6.33815.320
MinimumVisualStudioVersion = 10.0.40219.1
Project("{FAE04EC0-301F-11D3-BF4B-00C04F79EFBC}") = "Humming", "Humming.csproj", "{095B9EAB-CB18-4CB8-94A1-2B57228865D3}"
EndProject
Global
	GlobalSection(SolutionConfigurationPlatforms) = preSolution
		Debug|Any CPU = Debug|Any CPU
		Release|Any CPU = Release|Any CPU
	EndGlobalSection
	GlobalSection(ProjectConfigurationPlatforms) = postSolution
		{095B9EAB-CB18-4CB8-94A1-2B57228865D3}.Debug|Any CPU.ActiveCfg = Debug|Any CPU
		{095B9EAB-CB18-4CB8-94A1-2B57228865D3}.Debug|Any CPU.Build.0 = Debug|Any CPU
		{095B9EAB-CB18-4CB8-94A1-2B57228865D3}.Release|Any CPU.ActiveCfg = Release|Any CPU
		{095B9EAB-CB18-4CB8-94A1-2B57228865D3}.Release|Any CPU.Build.0 = Release|Any CPU
	EndGlobalSection
	GlobalSection(SolutionProperties) = preSolution
		HideSolutionNode = FALSE
	EndGlobalSection
	GlobalSection(ExtensibilityGlobals) = postSolution
		SolutionGuid = {DBDF2888-8F55-4C42-A96B-F67FE2C45B4A}
	EndGlobalSection
EndGlobal
